
Microsoft Visual Studio Solution File, Format Version 12.00
# Visual Studio 15
VisualStudioVersion = 15.0.27130.2027
MinimumVisualStudioVersion = 10.0.40219.1
Project("{2150E333-8FDC-42A3-9474-1A3956D46DE8}") = "03-Service", "03-Service", "{EF8C1F38-3825-4F51-8ED0-226DA6F2EEF2}"
EndProject
Project("{2150E333-8FDC-42A3-9474-1A3956D46DE8}") = "02-Api", "02-Api", "{56F2B292-C2BD-4DF8-AFC4-0C90FD6CB483}"
EndProject
Project("{2150E333-8FDC-42A3-9474-1A3956D46DE8}") = "02.01-System", "02.01-System", "{CC5E4B7C-6486-4C33-8484-11EC4557AD09}"
EndProject
Project("{9A19103F-16F7-4668-BE54-9A1E7A4F7556}") = "EIP.System.Models", "Service\System\EIP.System.Models\EIP.System.Models.csproj", "{211C0FA2-4A69-4D3A-94AE-817DC32B3115}"
EndProject
Project("{9A19103F-16F7-4668-BE54-9A1E7A4F7556}") = "EIP.System.DataAccess", "Service\System\EIP.System.DataAccess\EIP.System.DataAccess.csproj", "{66B71535-69CF-4046-B427-B9ADA67FAF26}"
EndProject
Project("{9A19103F-16F7-4668-BE54-9A1E7A4F7556}") = "EIP.System.Business", "Service\System\EIP.System.Business\EIP.System.Business.csproj", "{EFD2E601-093D-4102-AEF8-8C46473B87B8}"
EndProject
Project("{2150E333-8FDC-42A3-9474-1A3956D46DE8}") = "01-Web", "01-Web", "{66527F0B-77D1-430E-9D7B-9876D3FC2270}"
EndProject
Project("{9A19103F-16F7-4668-BE54-9A1E7A4F7556}") = "EIP", "Api\EIP.csproj", "{9B3C16E8-D35F-4071-88B2-CBC6C758049A}"
EndProject
Project("{9A19103F-16F7-4668-BE54-9A1E7A4F7556}") = "EIP", "Web\EIP.csproj", "{707E7873-AE7D-43B1-9DB0-5DB21FD4A7A0}"
EndProject
Project("{2150E333-8FDC-42A3-9474-1A3956D46DE8}") = "02.02-Workflow", "02.02-Workflow", "{DD677D3B-90C6-4FA4-8CC7-FB0F83583C94}"
EndProject
Project("{2150E333-8FDC-42A3-9474-1A3956D46DE8}") = "04-Common", "04-Common", "{6158F4A0-A85A-41FC-9D36-C469709D6E4B}"
EndProject
Project("{9A19103F-16F7-4668-BE54-9A1E7A4F7556}") = "EIP.Common.Business", "Common\EIP.Common.Business\EIP.Common.Business.csproj", "{5C431CEE-7C45-4354-A6F5-B8388AE76206}"
EndProject
Project("{9A19103F-16F7-4668-BE54-9A1E7A4F7556}") = "EIP.Common.DataAccess", "Common\EIP.Common.DataAccess\EIP.Common.DataAccess.csproj", "{3BC04356-13AA-464F-9C33-FC1B36BE0989}"
EndProject
Project("{9A19103F-16F7-4668-BE54-9A1E7A4F7556}") = "EIP.Common.Dapper", "Common\EIP.Common.Dapper\EIP.Common.Dapper.csproj", "{E309787C-796A-4706-9D1F-10AB463DC404}"
EndProject
Project("{9A19103F-16F7-4668-BE54-9A1E7A4F7556}") = "EIP.Common.Models", "Common\EIP.Common.Models\EIP.Common.Models.csproj", "{569E0681-44F8-4F9B-8077-5E67A52115F3}"
EndProject
Project("{9A19103F-16F7-4668-BE54-9A1E7A4F7556}") = "EIP.Common.Core", "Common\EIP.Common.Core\EIP.Common.Core.csproj", "{BC58B03A-1428-4A1B-8909-D91308037175}"
EndProject
Project("{9A19103F-16F7-4668-BE54-9A1E7A4F7556}") = "EIP.Common.WebApi", "Common\EIP.Common.WebApi\EIP.Common.WebApi.csproj", "{6522C2F7-651D-43D0-A99F-E679FBACF443}"
EndProject
Project("{2150E333-8FDC-42A3-9474-1A3956D46DE8}") = "05-Test", "05-Test", "{8893288D-55E5-49F3-8D54-EF9A78B1E475}"
EndProject
Project("{FAE04EC0-301F-11D3-BF4B-00C04F79EFBC}") = "EIP.Auth.Test", "Test\EIP.Auth.Test\EIP.Auth.Test.csproj", "{3E9FFC26-FF15-4A39-B469-109D990A152E}"
EndProject
Global
	GlobalSection(SolutionConfigurationPlatforms) = preSolution
		Debug|Any CPU = Debug|Any CPU
		Release|Any CPU = Release|Any CPU
	EndGlobalSection
	GlobalSection(ProjectConfigurationPlatforms) = postSolution
		{211C0FA2-4A69-4D3A-94AE-817DC32B3115}.Debug|Any CPU.ActiveCfg = Debug|Any CPU
		{211C0FA2-4A69-4D3A-94AE-817DC32B3115}.Debug|Any CPU.Build.0 = Debug|Any CPU
		{211C0FA2-4A69-4D3A-94AE-817DC32B3115}.Release|Any CPU.ActiveCfg = Release|Any CPU
		{211C0FA2-4A69-4D3A-94AE-817DC32B3115}.Release|Any CPU.Build.0 = Release|Any CPU
		{66B71535-69CF-4046-B427-B9ADA67FAF26}.Debug|Any CPU.ActiveCfg = Debug|Any CPU
		{66B71535-69CF-4046-B427-B9ADA67FAF26}.Debug|Any CPU.Build.0 = Debug|Any CPU
		{66B71535-69CF-4046-B427-B9ADA67FAF26}.Release|Any CPU.ActiveCfg = Release|Any CPU
		{66B71535-69CF-4046-B427-B9ADA67FAF26}.Release|Any CPU.Build.0 = Release|Any CPU
		{EFD2E601-093D-4102-AEF8-8C46473B87B8}.Debug|Any CPU.ActiveCfg = Debug|Any CPU
		{EFD2E601-093D-4102-AEF8-8C46473B87B8}.Debug|Any CPU.Build.0 = Debug|Any CPU
		{EFD2E601-093D-4102-AEF8-8C46473B87B8}.Release|Any CPU.ActiveCfg = Release|Any CPU
		{EFD2E601-093D-4102-AEF8-8C46473B87B8}.Release|Any CPU.Build.0 = Release|Any CPU
		{9B3C16E8-D35F-4071-88B2-CBC6C758049A}.Debug|Any CPU.ActiveCfg = Debug|Any CPU
		{9B3C16E8-D35F-4071-88B2-CBC6C758049A}.Debug|Any CPU.Build.0 = Debug|Any CPU
		{9B3C16E8-D35F-4071-88B2-CBC6C758049A}.Release|Any CPU.ActiveCfg = Release|Any CPU
		{9B3C16E8-D35F-4071-88B2-CBC6C758049A}.Release|Any CPU.Build.0 = Release|Any CPU
		{707E7873-AE7D-43B1-9DB0-5DB21FD4A7A0}.Debug|Any CPU.ActiveCfg = Debug|Any CPU
		{707E7873-AE7D-43B1-9DB0-5DB21FD4A7A0}.Debug|Any CPU.Build.0 = Debug|Any CPU
		{707E7873-AE7D-43B1-9DB0-5DB21FD4A7A0}.Release|Any CPU.ActiveCfg = Release|Any CPU
		{707E7873-AE7D-43B1-9DB0-5DB21FD4A7A0}.Release|Any CPU.Build.0 = Release|Any CPU
		{5C431CEE-7C45-4354-A6F5-B8388AE76206}.Debug|Any CPU.ActiveCfg = Debug|Any CPU
		{5C431CEE-7C45-4354-A6F5-B8388AE76206}.Debug|Any CPU.Build.0 = Debug|Any CPU
		{5C431CEE-7C45-4354-A6F5-B8388AE76206}.Release|Any CPU.ActiveCfg = Release|Any CPU
		{5C431CEE-7C45-4354-A6F5-B8388AE76206}.Release|Any CPU.Build.0 = Release|Any CPU
		{3BC04356-13AA-464F-9C33-FC1B36BE0989}.Debug|Any CPU.ActiveCfg = Debug|Any CPU
		{3BC04356-13AA-464F-9C33-FC1B36BE0989}.Debug|Any CPU.Build.0 = Debug|Any CPU
		{3BC04356-13AA-464F-9C33-FC1B36BE0989}.Release|Any CPU.ActiveCfg = Release|Any CPU
		{3BC04356-13AA-464F-9C33-FC1B36BE0989}.Release|Any CPU.Build.0 = Release|Any CPU
		{E309787C-796A-4706-9D1F-10AB463DC404}.Debug|Any CPU.ActiveCfg = Debug|Any CPU
		{E309787C-796A-4706-9D1F-10AB463DC404}.Debug|Any CPU.Build.0 = Debug|Any CPU
		{E309787C-796A-4706-9D1F-10AB463DC404}.Release|Any CPU.ActiveCfg = Release|Any CPU
		{E309787C-796A-4706-9D1F-10AB463DC404}.Release|Any CPU.Build.0 = Release|Any CPU
		{569E0681-44F8-4F9B-8077-5E67A52115F3}.Debug|Any CPU.ActiveCfg = Debug|Any CPU
		{569E0681-44F8-4F9B-8077-5E67A52115F3}.Debug|Any CPU.Build.0 = Debug|Any CPU
		{569E0681-44F8-4F9B-8077-5E67A52115F3}.Release|Any CPU.ActiveCfg = Release|Any CPU
		{569E0681-44F8-4F9B-8077-5E67A52115F3}.Release|Any CPU.Build.0 = Release|Any CPU
		{BC58B03A-1428-4A1B-8909-D91308037175}.Debug|Any CPU.ActiveCfg = Debug|Any CPU
		{BC58B03A-1428-4A1B-8909-D91308037175}.Debug|Any CPU.Build.0 = Debug|Any CPU
		{BC58B03A-1428-4A1B-8909-D91308037175}.Release|Any CPU.ActiveCfg = Release|Any CPU
		{BC58B03A-1428-4A1B-8909-D91308037175}.Release|Any CPU.Build.0 = Release|Any CPU
		{6522C2F7-651D-43D0-A99F-E679FBACF443}.Debug|Any CPU.ActiveCfg = Debug|Any CPU
		{6522C2F7-651D-43D0-A99F-E679FBACF443}.Debug|Any CPU.Build.0 = Debug|Any CPU
		{6522C2F7-651D-43D0-A99F-E679FBACF443}.Release|Any CPU.ActiveCfg = Release|Any CPU
		{6522C2F7-651D-43D0-A99F-E679FBACF443}.Release|Any CPU.Build.0 = Release|Any CPU
		{3E9FFC26-FF15-4A39-B469-109D990A152E}.Debug|Any CPU.ActiveCfg = Debug|Any CPU
		{3E9FFC26-FF15-4A39-B469-109D990A152E}.Debug|Any CPU.Build.0 = Debug|Any CPU
		{3E9FFC26-FF15-4A39-B469-109D990A152E}.Release|Any CPU.ActiveCfg = Release|Any CPU
		{3E9FFC26-FF15-4A39-B469-109D990A152E}.Release|Any CPU.Build.0 = Release|Any CPU
	EndGlobalSection
	GlobalSection(SolutionProperties) = preSolution
		HideSolutionNode = FALSE
	EndGlobalSection
	GlobalSection(NestedProjects) = preSolution
		{CC5E4B7C-6486-4C33-8484-11EC4557AD09} = {EF8C1F38-3825-4F51-8ED0-226DA6F2EEF2}
		{211C0FA2-4A69-4D3A-94AE-817DC32B3115} = {CC5E4B7C-6486-4C33-8484-11EC4557AD09}
		{66B71535-69CF-4046-B427-B9ADA67FAF26} = {CC5E4B7C-6486-4C33-8484-11EC4557AD09}
		{EFD2E601-093D-4102-AEF8-8C46473B87B8} = {CC5E4B7C-6486-4C33-8484-11EC4557AD09}
		{9B3C16E8-D35F-4071-88B2-CBC6C758049A} = {56F2B292-C2BD-4DF8-AFC4-0C90FD6CB483}
		{707E7873-AE7D-43B1-9DB0-5DB21FD4A7A0} = {66527F0B-77D1-430E-9D7B-9876D3FC2270}
		{DD677D3B-90C6-4FA4-8CC7-FB0F83583C94} = {EF8C1F38-3825-4F51-8ED0-226DA6F2EEF2}
		{5C431CEE-7C45-4354-A6F5-B8388AE76206} = {6158F4A0-A85A-41FC-9D36-C469709D6E4B}
		{3BC04356-13AA-464F-9C33-FC1B36BE0989} = {6158F4A0-A85A-41FC-9D36-C469709D6E4B}
		{E309787C-796A-4706-9D1F-10AB463DC404} = {6158F4A0-A85A-41FC-9D36-C469709D6E4B}
		{569E0681-44F8-4F9B-8077-5E67A52115F3} = {6158F4A0-A85A-41FC-9D36-C469709D6E4B}
		{BC58B03A-1428-4A1B-8909-D91308037175} = {6158F4A0-A85A-41FC-9D36-C469709D6E4B}
		{6522C2F7-651D-43D0-A99F-E679FBACF443} = {6158F4A0-A85A-41FC-9D36-C469709D6E4B}
		{3E9FFC26-FF15-4A39-B469-109D990A152E} = {8893288D-55E5-49F3-8D54-EF9A78B1E475}
	EndGlobalSection
	GlobalSection(ExtensibilityGlobals) = postSolution
		SolutionGuid = {C9C5B2EE-63FC-4B4B-9AB5-EE9C37196DA1}
	EndGlobalSection
EndGlobal
